
Microsoft Visual Studio Solution File, Format Version 12.00
# Visual Studio Version 16
VisualStudioVersion = 16.0.29009.5
MinimumVisualStudioVersion = 10.0.40219.1
Project("{9A19103F-16F7-4668-BE54-9A1E7A4F7556}") = "EmployeeManagement", "EmployeeManagement\EmployeeManagement.csproj", "{8E1AB13E-8236-41A8-9F97-5AB61FEB0EFA}"
EndProject
Global
	GlobalSection(SolutionConfigurationPlatforms) = preSolution
		Debug|Any CPU = Debug|Any CPU
		Release|Any CPU = Release|Any CPU
	EndGlobalSection
	GlobalSection(ProjectConfigurationPlatforms) = postSolution
		{8E1AB13E-8236-41A8-9F97-5AB61FEB0EFA}.Debug|Any CPU.ActiveCfg = Debug|Any CPU
		{8E1AB13E-8236-41A8-9F97-5AB61FEB0EFA}.Debug|Any CPU.Build.0 = Debug|Any CPU
		{8E1AB13E-8236-41A8-9F97-5AB61FEB0EFA}.Release|Any CPU.ActiveCfg = Release|Any CPU
		{8E1AB13E-8236-41A8-9F97-5AB61FEB0EFA}.Release|Any CPU.Build.0 = Release|Any CPU
	EndGlobalSection
	GlobalSection(SolutionProperties) = preSolution
		HideSolutionNode = FALSE
	EndGlobalSection
	GlobalSection(ExtensibilityGlobals) = postSolution
		SolutionGuid = {ED698DEE-2775-427D-802F-90A2156D4948}
	EndGlobalSection
EndGlobal
